// !$*UTF8*$!
{
	archiveVersion = 1;
	classes = {
	};
	objectVersion = 60;
	objects = {

/* Begin PBXBuildFile section */
		A10000000000000000000001 /* LineWisePhoneApp.swift in Sources */ = {isa = PBXBuildFile; fileRef = B10000000000000000000001 /* LineWisePhoneApp.swift */; };
		A10000000000000000000002 /* LineWiseWatchApp.swift in Sources */ = {isa = PBXBuildFile; fileRef = B10000000000000000000004 /* LineWiseWatchApp.swift */; };
		A10000000000000000000003 /* LineWiseAppleAdapters in Frameworks */ = {isa = PBXBuildFile; productRef = Q10000000000000000000001 /* LineWiseAppleAdapters */; };
		A10000000000000000000004 /* LineWiseAppleAdapters in Frameworks */ = {isa = PBXBuildFile; productRef = Q10000000000000000000002 /* LineWiseAppleAdapters */; };
		A10000000000000000000005 /* LineWise Watch.app in Embed Watch Content */ = {isa = PBXBuildFile; fileRef = B10000000000000000000008 /* LineWise Watch.app */; settings = {ATTRIBUTES = (RemoveHeadersOnCopy, ); }; };
		A10000000000000000000006 /* LineWiseApplication in Frameworks */ = {isa = PBXBuildFile; productRef = Q10000000000000000000003 /* LineWiseApplication */; };
		A10000000000000000000007 /* LineWiseApplication in Frameworks */ = {isa = PBXBuildFile; productRef = Q10000000000000000000004 /* LineWiseApplication */; };
/* End PBXBuildFile section */

/* Begin PBXContainerItemProxy section */
		F10000000000000000000001 /* PBXContainerItemProxy */ = {
			isa = PBXContainerItemProxy;
			containerPortal = E10000000000000000000001 /* Project object */;
			proxyType = 1;
			remoteGlobalIDString = D10000000000000000000002;
			remoteInfo = "LineWise Watch";
		};
/* End PBXContainerItemProxy section */

/* Begin PBXCopyFilesBuildPhase section */
		C10000000000000000000004 /* Embed Watch Content */ = {
			isa = PBXCopyFilesBuildPhase;
			buildActionMask = 2147483647;
			dstPath = "$(CONTENTS_FOLDER_PATH)/Watch";
			dstSubfolderSpec = 16;
			files = (
				A10000000000000000000005 /* LineWise Watch.app in Embed Watch Content */,
			);
			name = "Embed Watch Content";
			runOnlyForDeploymentPostprocessing = 0;
		};
/* End PBXCopyFilesBuildPhase section */

/* Begin PBXFileReference section */
		B10000000000000000000001 /* LineWisePhoneApp.swift */ = {isa = PBXFileReference; lastKnownFileType = sourcecode.swift; path = LineWisePhoneApp.swift; sourceTree = "<group>"; };
		B10000000000000000000002 /* Info.plist */ = {isa = PBXFileReference; lastKnownFileType = text.plist.xml; path = Info.plist; sourceTree = "<group>"; };
		B10000000000000000000003 /* LineWisePhone.entitlements */ = {isa = PBXFileReference; lastKnownFileType = text.plist.entitlements; path = LineWisePhone.entitlements; sourceTree = "<group>"; };
		B10000000000000000000004 /* LineWiseWatchApp.swift */ = {isa = PBXFileReference; lastKnownFileType = sourcecode.swift; path = LineWiseWatchApp.swift; sourceTree = "<group>"; };
		B10000000000000000000005 /* Info.plist */ = {isa = PBXFileReference; lastKnownFileType = text.plist.xml; path = Info.plist; sourceTree = "<group>"; };
		B10000000000000000000006 /* LineWiseWatch.entitlements */ = {isa = PBXFileReference; lastKnownFileType = text.plist.entitlements; path = LineWiseWatch.entitlements; sourceTree = "<group>"; };
		B10000000000000000000007 /* LineWise.app */ = {isa = PBXFileReference; explicitFileType = wrapper.application; includeInIndex = 0; path = LineWise.app; sourceTree = BUILT_PRODUCTS_DIR; };
		B10000000000000000000008 /* LineWise Watch.app */ = {isa = PBXFileReference; explicitFileType = wrapper.application; includeInIndex = 0; path = "LineWise Watch.app"; sourceTree = BUILT_PRODUCTS_DIR; };
/* End PBXFileReference section */

/* Begin PBXFrameworksBuildPhase section */
		C10000000000000000000002 /* Frameworks */ = {
			isa = PBXFrameworksBuildPhase;
			buildActionMask = 2147483647;
			files = (
				A10000000000000000000003 /* LineWiseAppleAdapters in Frameworks */,
				A10000000000000000000006 /* LineWiseApplication in Frameworks */,
			);
			runOnlyForDeploymentPostprocessing = 0;
		};
		C10000000000000000000006 /* Frameworks */ = {
			isa = PBXFrameworksBuildPhase;
			buildActionMask = 2147483647;
			files = (
				A10000000000000000000004 /* LineWiseAppleAdapters in Frameworks */,
				A10000000000000000000007 /* LineWiseApplication in Frameworks */,
			);
			runOnlyForDeploymentPostprocessing = 0;
		};
/* End PBXFrameworksBuildPhase section */

/* Begin PBXGroup section */
		B20000000000000000000001 = {
			isa = PBXGroup;
			children = (
				B20000000000000000000002 /* Apps */,
				B20000000000000000000005 /* Products */,
			);
			sourceTree = "<group>";
		};
		B20000000000000000000002 /* Apps */ = {
			isa = PBXGroup;
			children = (
				B20000000000000000000003 /* iPhone */,
				B20000000000000000000004 /* Watch */,
			);
			path = Apps;
			sourceTree = "<group>";
		};
		B20000000000000000000003 /* iPhone */ = {
			isa = PBXGroup;
			children = (
				B10000000000000000000001 /* LineWisePhoneApp.swift */,
				B10000000000000000000002 /* Info.plist */,
				B10000000000000000000003 /* LineWisePhone.entitlements */,
			);
			path = iPhone;
			sourceTree = "<group>";
		};
		B20000000000000000000004 /* Watch */ = {
			isa = PBXGroup;
			children = (
				B10000000000000000000004 /* LineWiseWatchApp.swift */,
				B10000000000000000000005 /* Info.plist */,
				B10000000000000000000006 /* LineWiseWatch.entitlements */,
			);
			path = Watch;
			sourceTree = "<group>";
		};
		B20000000000000000000005 /* Products */ = {
			isa = PBXGroup;
			children = (
				B10000000000000000000007 /* LineWise.app */,
				B10000000000000000000008 /* LineWise Watch.app */,
			);
			name = Products;
			sourceTree = "<group>";
		};
/* End PBXGroup section */

/* Begin PBXNativeTarget section */
		D10000000000000000000001 /* LineWise */ = {
			isa = PBXNativeTarget;
			buildConfigurationList = H10000000000000000000002 /* Build configuration list for PBXNativeTarget "LineWise" */;
			buildPhases = (
				C10000000000000000000001 /* Sources */,
				C10000000000000000000002 /* Frameworks */,
				C10000000000000000000003 /* Resources */,
				C10000000000000000000004 /* Embed Watch Content */,
			);
			buildRules = (
			);
			dependencies = (
				F20000000000000000000001 /* PBXTargetDependency */,
			);
			name = LineWise;
			packageProductDependencies = (
				Q10000000000000000000001 /* LineWiseAppleAdapters */,
				Q10000000000000000000003 /* LineWiseApplication */,
			);
			productName = LineWise;
			productReference = B10000000000000000000007 /* LineWise.app */;
			productType = "com.apple.product-type.application";
		};
		D10000000000000000000002 /* LineWise Watch */ = {
			isa = PBXNativeTarget;
			buildConfigurationList = H10000000000000000000003 /* Build configuration list for PBXNativeTarget "LineWise Watch" */;
			buildPhases = (
				C10000000000000000000005 /* Sources */,
				C10000000000000000000006 /* Frameworks */,
				C10000000000000000000007 /* Resources */,
			);
			buildRules = (
			);
			dependencies = (
			);
			name = "LineWise Watch";
			packageProductDependencies = (
				Q10000000000000000000002 /* LineWiseAppleAdapters */,
				Q10000000000000000000004 /* LineWiseApplication */,
			);
			productName = "LineWise Watch";
			productReference = B10000000000000000000008 /* LineWise Watch.app */;
			productType = "com.apple.product-type.application.watchapp2";
		};
/* End PBXNativeTarget section */

/* Begin PBXProject section */
		E10000000000000000000001 /* Project object */ = {
			isa = PBXProject;
			attributes = {
				BuildIndependentTargetsInParallel = 1;
				LastSwiftUpdateCheck = 1600;
				LastUpgradeCheck = 1600;
				TargetAttributes = {
					D10000000000000000000001 = {
						CreatedOnToolsVersion = 16.0;
					};
					D10000000000000000000002 = {
						CreatedOnToolsVersion = 16.0;
					};
				};
			};
			buildConfigurationList = H10000000000000000000001 /* Build configuration list for PBXProject "LineWise" */;
			compatibilityVersion = "Xcode 15.0";
			developmentRegion = en;
			hasScannedForEncodings = 0;
			knownRegions = (
				en,
				Base,
				zh-Hans,
			);
			mainGroup = B20000000000000000000001;
			packageReferences = (
				P10000000000000000000001 /* XCLocalSwiftPackageReference "." */,
			);
			productRefGroup = B20000000000000000000005 /* Products */;
			projectDirPath = "";
			projectRoot = "";
			targets = (
				D10000000000000000000001 /* LineWise */,
				D10000000000000000000002 /* LineWise Watch */,
			);
		};
/* End PBXProject section */

/* Begin PBXResourcesBuildPhase section */
		C10000000000000000000003 /* Resources */ = {
			isa = PBXResourcesBuildPhase;
			buildActionMask = 2147483647;
			files = (
			);
			runOnlyForDeploymentPostprocessing = 0;
		};
		C10000000000000000000007 /* Resources */ = {
			isa = PBXResourcesBuildPhase;
			buildActionMask = 2147483647;
			files = (
			);
			runOnlyForDeploymentPostprocessing = 0;
		};
/* End PBXResourcesBuildPhase section */

/* Begin PBXSourcesBuildPhase section */
		C10000000000000000000001 /* Sources */ = {
			isa = PBXSourcesBuildPhase;
			buildActionMask = 2147483647;
			files = (
				A10000000000000000000001 /* LineWisePhoneApp.swift in Sources */,
			);
			runOnlyForDeploymentPostprocessing = 0;
		};
		C10000000000000000000005 /* Sources */ = {
			isa = PBXSourcesBuildPhase;
			buildActionMask = 2147483647;
			files = (
				A10000000000000000000002 /* LineWiseWatchApp.swift in Sources */,
			);
			runOnlyForDeploymentPostprocessing = 0;
		};
/* End PBXSourcesBuildPhase section */

/* Begin PBXTargetDependency section */
		F20000000000000000000001 /* PBXTargetDependency */ = {
			isa = PBXTargetDependency;
			target = D10000000000000000000002 /* LineWise Watch */;
			targetProxy = F10000000000000000000001 /* PBXContainerItemProxy */;
		};
/* End PBXTargetDependency section */

/* Begin XCBuildConfiguration section */
		G10000000000000000000001 /* Debug */ = {
			isa = XCBuildConfiguration;
			buildSettings = {
				CLANG_ENABLE_MODULES = YES;
				CLANG_ENABLE_OBJC_ARC = YES;
				COPY_PHASE_STRIP = NO;
				DEBUG_INFORMATION_FORMAT = dwarf;
				ENABLE_TESTABILITY = YES;
				GCC_C_LANGUAGE_STANDARD = gnu17;
				GCC_OPTIMIZATION_LEVEL = 0;
				ONLY_ACTIVE_ARCH = YES;
				SWIFT_ACTIVE_COMPILATION_CONDITIONS = "DEBUG $(inherited)";
				SWIFT_OPTIMIZATION_LEVEL = "-Onone";
				SWIFT_VERSION = 6.0;
			};
			name = Debug;
		};
		G10000000000000000000002 /* Release */ = {
			isa = XCBuildConfiguration;
			buildSettings = {
				CLANG_ENABLE_MODULES = YES;
				CLANG_ENABLE_OBJC_ARC = YES;
				COPY_PHASE_STRIP = YES;
				DEBUG_INFORMATION_FORMAT = "dwarf-with-dsym";
				GCC_C_LANGUAGE_STANDARD = gnu17;
				SWIFT_COMPILATION_MODE = wholemodule;
				SWIFT_OPTIMIZATION_LEVEL = "-O";
				SWIFT_VERSION = 6.0;
				VALIDATE_PRODUCT = YES;
			};
			name = Release;
		};
		G10000000000000000000003 /* Debug */ = {
			isa = XCBuildConfiguration;
			buildSettings = {
				CODE_SIGN_ENTITLEMENTS = Apps/iPhone/LineWisePhone.entitlements;
				CODE_SIGN_STYLE = Automatic;
				CURRENT_PROJECT_VERSION = 1;
				GENERATE_INFOPLIST_FILE = NO;
				INFOPLIST_FILE = Apps/iPhone/Info.plist;
				IPHONEOS_DEPLOYMENT_TARGET = 15.0;
				LD_RUNPATH_SEARCH_PATHS = (
					"$(inherited)",
					"@executable_path/Frameworks",
				);
				MARKETING_VERSION = 0.1.0;
				PRODUCT_BUNDLE_IDENTIFIER = com.linewise.app;
				PRODUCT_NAME = LineWise;
				SDKROOT = iphoneos;
				SUPPORTED_PLATFORMS = "iphoneos iphonesimulator";
				SWIFT_EMIT_LOC_STRINGS = YES;
				TARGETED_DEVICE_FAMILY = "1,2";
			};
			name = Debug;
		};
		G10000000000000000000004 /* Release */ = {
			isa = XCBuildConfiguration;
			buildSettings = {
				CODE_SIGN_ENTITLEMENTS = Apps/iPhone/LineWisePhone.entitlements;
				CODE_SIGN_STYLE = Automatic;
				CURRENT_PROJECT_VERSION = 1;
				GENERATE_INFOPLIST_FILE = NO;
				INFOPLIST_FILE = Apps/iPhone/Info.plist;
				IPHONEOS_DEPLOYMENT_TARGET = 15.0;
				LD_RUNPATH_SEARCH_PATHS = (
					"$(inherited)",
					"@executable_path/Frameworks",
				);
				MARKETING_VERSION = 0.1.0;
				PRODUCT_BUNDLE_IDENTIFIER = com.linewise.app;
				PRODUCT_NAME = LineWise;
				SDKROOT = iphoneos;
				SUPPORTED_PLATFORMS = "iphoneos iphonesimulator";
				SWIFT_EMIT_LOC_STRINGS = YES;
				TARGETED_DEVICE_FAMILY = "1,2";
			};
			name = Release;
		};
		G10000000000000000000005 /* Debug */ = {
			isa = XCBuildConfiguration;
			buildSettings = {
				CODE_SIGN_ENTITLEMENTS = Apps/Watch/LineWiseWatch.entitlements;
				CODE_SIGN_STYLE = Automatic;
				CURRENT_PROJECT_VERSION = 1;
				GENERATE_INFOPLIST_FILE = NO;
				INFOPLIST_FILE = Apps/Watch/Info.plist;
				LD_RUNPATH_SEARCH_PATHS = (
					"$(inherited)",
					"@executable_path/Frameworks",
				);
				MARKETING_VERSION = 0.1.0;
				PRODUCT_BUNDLE_IDENTIFIER = com.linewise.app.watchkitapp;
				PRODUCT_NAME = "LineWise Watch";
				SDKROOT = watchos;
				SKIP_INSTALL = YES;
				SUPPORTED_PLATFORMS = "watchos watchsimulator";
				SWIFT_EMIT_LOC_STRINGS = YES;
				TARGETED_DEVICE_FAMILY = 4;
				WATCHOS_DEPLOYMENT_TARGET = 10.0;
			};
			name = Debug;
		};
		G10000000000000000000006 /* Release */ = {
			isa = XCBuildConfiguration;
			buildSettings = {
				CODE_SIGN_ENTITLEMENTS = Apps/Watch/LineWiseWatch.entitlements;
				CODE_SIGN_STYLE = Automatic;
				CURRENT_PROJECT_VERSION = 1;
				GENERATE_INFOPLIST_FILE = NO;
				INFOPLIST_FILE = Apps/Watch/Info.plist;
				LD_RUNPATH_SEARCH_PATHS = (
					"$(inherited)",
					"@executable_path/Frameworks",
				);
				MARKETING_VERSION = 0.1.0;
				PRODUCT_BUNDLE_IDENTIFIER = com.linewise.app.watchkitapp;
				PRODUCT_NAME = "LineWise Watch";
				SDKROOT = watchos;
				SKIP_INSTALL = YES;
				SUPPORTED_PLATFORMS = "watchos watchsimulator";
				SWIFT_EMIT_LOC_STRINGS = YES;
				TARGETED_DEVICE_FAMILY = 4;
				WATCHOS_DEPLOYMENT_TARGET = 10.0;
			};
			name = Release;
		};
/* End XCBuildConfiguration section */

/* Begin XCConfigurationList section */
		H10000000000000000000001 /* Build configuration list for PBXProject "LineWise" */ = {
			isa = XCConfigurationList;
			buildConfigurations = (
				G10000000000000000000001 /* Debug */,
				G10000000000000000000002 /* Release */,
			);
			defaultConfigurationIsVisible = 0;
			defaultConfigurationName = Release;
		};
		H10000000000000000000002 /* Build configuration list for PBXNativeTarget "LineWise" */ = {
			isa = XCConfigurationList;
			buildConfigurations = (
				G10000000000000000000003 /* Debug */,
				G10000000000000000000004 /* Release */,
			);
			defaultConfigurationIsVisible = 0;
			defaultConfigurationName = Release;
		};
		H10000000000000000000003 /* Build configuration list for PBXNativeTarget "LineWise Watch" */ = {
			isa = XCConfigurationList;
			buildConfigurations = (
				G10000000000000000000005 /* Debug */,
				G10000000000000000000006 /* Release */,
			);
			defaultConfigurationIsVisible = 0;
			defaultConfigurationName = Release;
		};
/* End XCConfigurationList section */

/* Begin XCLocalSwiftPackageReference section */
		P10000000000000000000001 /* XCLocalSwiftPackageReference "." */ = {
			isa = XCLocalSwiftPackageReference;
			relativePath = .;
		};
/* End XCLocalSwiftPackageReference section */

/* Begin XCSwiftPackageProductDependency section */
		Q10000000000000000000001 /* LineWiseAppleAdapters */ = {
			isa = XCSwiftPackageProductDependency;
			package = P10000000000000000000001 /* XCLocalSwiftPackageReference "." */;
			productName = LineWiseAppleAdapters;
		};
		Q10000000000000000000002 /* LineWiseAppleAdapters */ = {
			isa = XCSwiftPackageProductDependency;
			package = P10000000000000000000001 /* XCLocalSwiftPackageReference "." */;
			productName = LineWiseAppleAdapters;
		};
		Q10000000000000000000003 /* LineWiseApplication */ = {
			isa = XCSwiftPackageProductDependency;
			package = P10000000000000000000001 /* XCLocalSwiftPackageReference "." */;
			productName = LineWiseApplication;
		};
		Q10000000000000000000004 /* LineWiseApplication */ = {
			isa = XCSwiftPackageProductDependency;
			package = P10000000000000000000001 /* XCLocalSwiftPackageReference "." */;
			productName = LineWiseApplication;
		};
/* End XCSwiftPackageProductDependency section */
	};
	rootObject = E10000000000000000000001 /* Project object */;
}
